// !$*UTF8*$!
{
	archiveVersion = 1;
	classes = {
	};
	objectVersion = 46;
	objects = {

/* Begin PBXBuildFile section */
		9D04F1721D51162800E6E828 /* error.cpp in Sources */ = {isa = PBXBuildFile; fileRef = 9D04F1711D51162800E6E828 /* error.cpp */; };
		9D04F1781D51185F00E6E828 /* mesh.cpp in Sources */ = {isa = PBXBuildFile; fileRef = 9D04F1771D51185F00E6E828 /* mesh.cpp */; };
		9D0BD0671EE3086A00F2EB96 /* libassimp.a in Frameworks */ = {isa = PBXBuildFile; fileRef = 9D1093861E749D5700A57F8F /* libassimp.a */; };
		9D1093831E745BBB00A57F8F /* model.cpp in Sources */ = {isa = PBXBuildFile; fileRef = 9D1093821E745BBB00A57F8F /* model.cpp */; };
		9D198DBC1F39076B00EBF366 /* transform.cpp in Sources */ = {isa = PBXBuildFile; fileRef = 9D198DBB1F39076B00EBF366 /* transform.cpp */; };
		9D21C0951E6D94B2006C0E8E /* png_image.cpp in Sources */ = {isa = PBXBuildFile; fileRef = 9D21C0941E6D94B2006C0E8E /* png_image.cpp */; };
		9D21C0971E6D9D56006C0E8E /* libpng16.a in Frameworks */ = {isa = PBXBuildFile; fileRef = 9D21C0961E6D9D56006C0E8E /* libpng16.a */; };
		9D21C09B1E6D9F09006C0E8E /* libz.tbd in Frameworks */ = {isa = PBXBuildFile; fileRef = 9D21C09A1E6D9F09006C0E8E /* libz.tbd */; };
		9D21D6DE1D634CA400C37B4A /* ogl_mesh.cpp in Sources */ = {isa = PBXBuildFile; fileRef = 9D21D6DD1D634CA400C37B4A /* ogl_mesh.cpp */; };
		9D21D6EC1D634FDC00C37B4A /* libOGLKit.dylib in Frameworks */ = {isa = PBXBuildFile; fileRef = 9DBFE8611D4D073400182698 /* libOGLKit.dylib */; };
		9D229CFB1E742F08005C40C1 /* texture_manager.cpp in Sources */ = {isa = PBXBuildFile; fileRef = 9D229CFA1E742F08005C40C1 /* texture_manager.cpp */; };
		9D229CFE1E743736005C40C1 /* image_factory.cpp in Sources */ = {isa = PBXBuildFile; fileRef = 9D229CFD1E743736005C40C1 /* image_factory.cpp */; };
		9D253D661F38F7ED0071B960 /* scene.cpp in Sources */ = {isa = PBXBuildFile; fileRef = 9D253D651F38F7ED0071B960 /* scene.cpp */; };
		9D3362031D4D0B3F009C36CF /* camera.cpp in Sources */ = {isa = PBXBuildFile; fileRef = 9D3362021D4D0B3F009C36CF /* camera.cpp */; };
		9D3AE0FA1F3C8357000C34D0 /* image_loader.cpp in Sources */ = {isa = PBXBuildFile; fileRef = 9DC3AEEF1E6C6280006CD74E /* image_loader.cpp */; };
		9D501B1C1F39133D00C82974 /* libtinyxml2.a in Frameworks */ = {isa = PBXBuildFile; fileRef = 9D501B1B1F39133D00C82974 /* libtinyxml2.a */; };
		9D62BD7A1D70C92B000DD363 /* ply.h in Headers */ = {isa = PBXBuildFile; fileRef = 9D62BD781D70C92B000DD363 /* ply.h */; };
		9D62BD7B1D70C92B000DD363 /* plyfile.c in Sources */ = {isa = PBXBuildFile; fileRef = 9D62BD791D70C92B000DD363 /* plyfile.c */; settings = {COMPILER_FLAGS = "-w"; }; };
		9D62BD7F1D70D074000DD363 /* shader.cpp in Sources */ = {isa = PBXBuildFile; fileRef = 9D62BD7E1D70D074000DD363 /* shader.cpp */; };
		9D62BD821D70E51C000DD363 /* string_util.cpp in Sources */ = {isa = PBXBuildFile; fileRef = 9D62BD811D70E51C000DD363 /* string_util.cpp */; };
		9D6A33DA1D4EAB650060261F /* OpenGL.framework in Frameworks */ = {isa = PBXBuildFile; fileRef = 9D6A33D91D4EAB650060261F /* OpenGL.framework */; };
		9D9AEC461F3DA709004423E1 /* callbacks.hpp in Headers */ = {isa = PBXBuildFile; fileRef = 9D9AEC3B1F3DA709004423E1 /* callbacks.hpp */; };
		9D9AEC471F3DA709004423E1 /* camera.hpp in Headers */ = {isa = PBXBuildFile; fileRef = 9D9AEC3C1F3DA709004423E1 /* camera.hpp */; };
		9D9AEC481F3DA709004423E1 /* key_types.hpp in Headers */ = {isa = PBXBuildFile; fileRef = 9D9AEC3D1F3DA709004423E1 /* key_types.hpp */; };
		9D9AEC491F3DA709004423E1 /* model.hpp in Headers */ = {isa = PBXBuildFile; fileRef = 9D9AEC3E1F3DA709004423E1 /* model.hpp */; };
		9D9AEC4A1F3DA709004423E1 /* ogl_mesh.hpp in Headers */ = {isa = PBXBuildFile; fileRef = 9D9AEC3F1F3DA709004423E1 /* ogl_mesh.hpp */; };
		9D9AEC4B1F3DA709004423E1 /* scene.hpp in Headers */ = {isa = PBXBuildFile; fileRef = 9D9AEC401F3DA709004423E1 /* scene.hpp */; };
		9D9AEC4C1F3DA709004423E1 /* shader.hpp in Headers */ = {isa = PBXBuildFile; fileRef = 9D9AEC411F3DA709004423E1 /* shader.hpp */; };
		9D9AEC4D1F3DA709004423E1 /* tarball.hpp in Headers */ = {isa = PBXBuildFile; fileRef = 9D9AEC421F3DA709004423E1 /* tarball.hpp */; };
		9D9AEC4E1F3DA709004423E1 /* texture_manager.hpp in Headers */ = {isa = PBXBuildFile; fileRef = 9D9AEC431F3DA709004423E1 /* texture_manager.hpp */; };
		9D9AEC4F1F3DA709004423E1 /* texture.hpp in Headers */ = {isa = PBXBuildFile; fileRef = 9D9AEC441F3DA709004423E1 /* texture.hpp */; };
		9D9AEC501F3DA709004423E1 /* transform.hpp in Headers */ = {isa = PBXBuildFile; fileRef = 9D9AEC451F3DA709004423E1 /* transform.hpp */; };
		9D9AEC561F3DA726004423E1 /* image_factory.hpp in Headers */ = {isa = PBXBuildFile; fileRef = 9D9AEC511F3DA726004423E1 /* image_factory.hpp */; };
		9D9AEC571F3DA726004423E1 /* image.hpp in Headers */ = {isa = PBXBuildFile; fileRef = 9D9AEC521F3DA726004423E1 /* image.hpp */; };
		9D9AEC581F3DA726004423E1 /* jpeg_image.hpp in Headers */ = {isa = PBXBuildFile; fileRef = 9D9AEC531F3DA726004423E1 /* jpeg_image.hpp */; };
		9D9AEC591F3DA726004423E1 /* png_image.hpp in Headers */ = {isa = PBXBuildFile; fileRef = 9D9AEC541F3DA726004423E1 /* png_image.hpp */; };
		9D9AEC5A1F3DA726004423E1 /* tga_image.hpp in Headers */ = {isa = PBXBuildFile; fileRef = 9D9AEC551F3DA726004423E1 /* tga_image.hpp */; };
		9D9AEC5D1F3DA741004423E1 /* aabb.hpp in Headers */ = {isa = PBXBuildFile; fileRef = 9D9AEC5B1F3DA741004423E1 /* aabb.hpp */; };
		9D9AEC5E1F3DA741004423E1 /* mesh.hpp in Headers */ = {isa = PBXBuildFile; fileRef = 9D9AEC5C1F3DA741004423E1 /* mesh.hpp */; };
		9D9AEC631F3DA75A004423E1 /* cmd_parser.hpp in Headers */ = {isa = PBXBuildFile; fileRef = 9D9AEC5F1F3DA75A004423E1 /* cmd_parser.hpp */; };
		9D9AEC641F3DA75A004423E1 /* error.hpp in Headers */ = {isa = PBXBuildFile; fileRef = 9D9AEC601F3DA75A004423E1 /* error.hpp */; };
		9D9AEC651F3DA75A004423E1 /* library_export.hpp in Headers */ = {isa = PBXBuildFile; fileRef = 9D9AEC611F3DA75A004423E1 /* library_export.hpp */; };
		9D9AEC661F3DA75A004423E1 /* string_util.hpp in Headers */ = {isa = PBXBuildFile; fileRef = 9D9AEC621F3DA75A004423E1 /* string_util.hpp */; };
		9D9AEC6B1F3DA76C004423E1 /* matrix.hpp in Headers */ = {isa = PBXBuildFile; fileRef = 9D9AEC671F3DA76B004423E1 /* matrix.hpp */; };
		9D9AEC6C1F3DA76C004423E1 /* quaternion.hpp in Headers */ = {isa = PBXBuildFile; fileRef = 9D9AEC681F3DA76B004423E1 /* quaternion.hpp */; };
		9D9AEC6D1F3DA76C004423E1 /* type_comparator.hpp in Headers */ = {isa = PBXBuildFile; fileRef = 9D9AEC691F3DA76B004423E1 /* type_comparator.hpp */; };
		9D9AEC6E1F3DA76C004423E1 /* vector.hpp in Headers */ = {isa = PBXBuildFile; fileRef = 9D9AEC6A1F3DA76B004423E1 /* vector.hpp */; };
		9D9C40871EF6F17100ED3EE5 /* libgmock.a in Frameworks */ = {isa = PBXBuildFile; fileRef = 9D9C40861EF6F14B00ED3EE5 /* libgmock.a */; };
		9D9C40881EF6F17100ED3EE5 /* libgtest.a in Frameworks */ = {isa = PBXBuildFile; fileRef = 9D9C40851EF6F13C00ED3EE5 /* libgtest.a */; };
		9DA863551F1A4B8A0074D73D /* image.cpp in Sources */ = {isa = PBXBuildFile; fileRef = 9DA863541F1A4B8A0074D73D /* image.cpp */; };
		9DC3AEE81E6C5A4E006CD74E /* jpeg_image.cpp in Sources */ = {isa = PBXBuildFile; fileRef = 9DC3AEE71E6C5A4E006CD74E /* jpeg_image.cpp */; };
		9DC3AEEB1E6C61EA006CD74E /* libjpeg.a in Frameworks */ = {isa = PBXBuildFile; fileRef = 9DC3AEEA1E6C61EA006CD74E /* libjpeg.a */; };
		9DC3AEF21E6C62DA006CD74E /* cmd_parser.cpp in Sources */ = {isa = PBXBuildFile; fileRef = 9DC3AEF11E6C62DA006CD74E /* cmd_parser.cpp */; };
		9DC3AEF41E6C8CC8006CD74E /* tga_image.cpp in Sources */ = {isa = PBXBuildFile; fileRef = 9DC3AEF31E6C8CC8006CD74E /* tga_image.cpp */; };
		9DC3AEF81E6CADF0006CD74E /* texture.cpp in Sources */ = {isa = PBXBuildFile; fileRef = 9DC3AEF71E6CADF0006CD74E /* texture.cpp */; };
		9DD47BE81D4E9F09003110D9 /* Cocoa.framework in Frameworks */ = {isa = PBXBuildFile; fileRef = 9DD47BE71D4E9F09003110D9 /* Cocoa.framework */; };
/* End PBXBuildFile section */

/* Begin PBXContainerItemProxy section */
		9D21D6EA1D634FD600C37B4A /* PBXContainerItemProxy */ = {
			isa = PBXContainerItemProxy;
			containerPortal = 9DBFE8591D4D073400182698 /* Project object */;
			proxyType = 1;
			remoteGlobalIDString = 9DBFE8601D4D073400182698;
			remoteInfo = CHLib;
		};
/* End PBXContainerItemProxy section */

/* Begin PBXCopyFilesBuildPhase section */
		9D21D6E11D634F3700C37B4A /* CopyFiles */ = {
			isa = PBXCopyFilesBuildPhase;
			buildActionMask = 2147483647;
			dstPath = /usr/share/man/man1/;
			dstSubfolderSpec = 0;
			files = (
			);
			runOnlyForDeploymentPostprocessing = 1;
		};
/* End PBXCopyFilesBuildPhase section */

/* Begin PBXFileReference section */
		9D04F1711D51162800E6E828 /* error.cpp */ = {isa = PBXFileReference; fileEncoding = 4; lastKnownFileType = sourcecode.cpp.cpp; name = error.cpp; path = modules/core/src/error.cpp; sourceTree = SOURCE_ROOT; };
		9D04F1771D51185F00E6E828 /* mesh.cpp */ = {isa = PBXFileReference; fileEncoding = 4; lastKnownFileType = sourcecode.cpp.cpp; name = mesh.cpp; path = modules/geometry/src/mesh.cpp; sourceTree = SOURCE_ROOT; };
		9D1093821E745BBB00A57F8F /* model.cpp */ = {isa = PBXFileReference; fileEncoding = 4; lastKnownFileType = sourcecode.cpp.cpp; name = model.cpp; path = modules/ogl/src/model.cpp; sourceTree = SOURCE_ROOT; };
		9D1093861E749D5700A57F8F /* libassimp.a */ = {isa = PBXFileReference; lastKnownFileType = archive.ar; name = libassimp.a; path = 3rdparty/install/lib/libassimp.a; sourceTree = "<group>"; };
		9D198DBB1F39076B00EBF366 /* transform.cpp */ = {isa = PBXFileReference; fileEncoding = 4; lastKnownFileType = sourcecode.cpp.cpp; name = transform.cpp; path = modules/ogl/src/transform.cpp; sourceTree = SOURCE_ROOT; };
		9D21C0941E6D94B2006C0E8E /* png_image.cpp */ = {isa = PBXFileReference; fileEncoding = 4; lastKnownFileType = sourcecode.cpp.cpp; name = png_image.cpp; path = modules/io/src/png_image.cpp; sourceTree = SOURCE_ROOT; };
		9D21C0961E6D9D56006C0E8E /* libpng16.a */ = {isa = PBXFileReference; lastKnownFileType = archive.ar; name = libpng16.a; path = 3rdparty/install/lib/libpng16.a; sourceTree = "<group>"; };
		9D21C09A1E6D9F09006C0E8E /* libz.tbd */ = {isa = PBXFileReference; lastKnownFileType = "sourcecode.text-based-dylib-definition"; name = libz.tbd; path = usr/lib/libz.tbd; sourceTree = SDKROOT; };
		9D21D6DD1D634CA400C37B4A /* ogl_mesh.cpp */ = {isa = PBXFileReference; fileEncoding = 4; lastKnownFileType = sourcecode.cpp.cpp; name = ogl_mesh.cpp; path = modules/ogl/src/ogl_mesh.cpp; sourceTree = SOURCE_ROOT; };
		9D21D6E31D634F3700C37B4A /* OGLKitTest */ = {isa = PBXFileReference; explicitFileType = "compiled.mach-o.executable"; includeInIndex = 0; path = OGLKitTest; sourceTree = BUILT_PRODUCTS_DIR; };
		9D229CFA1E742F08005C40C1 /* texture_manager.cpp */ = {isa = PBXFileReference; fileEncoding = 4; lastKnownFileType = sourcecode.cpp.cpp; name = texture_manager.cpp; path = modules/ogl/src/texture_manager.cpp; sourceTree = SOURCE_ROOT; };
		9D229CFD1E743736005C40C1 /* image_factory.cpp */ = {isa = PBXFileReference; fileEncoding = 4; lastKnownFileType = sourcecode.cpp.cpp; name = image_factory.cpp; path = modules/io/src/image_factory.cpp; sourceTree = SOURCE_ROOT; };
		9D253D651F38F7ED0071B960 /* scene.cpp */ = {isa = PBXFileReference; fileEncoding = 4; lastKnownFileType = sourcecode.cpp.cpp; name = scene.cpp; path = modules/ogl/src/scene.cpp; sourceTree = SOURCE_ROOT; };
		9D3362021D4D0B3F009C36CF /* camera.cpp */ = {isa = PBXFileReference; fileEncoding = 4; lastKnownFileType = sourcecode.cpp.cpp; name = camera.cpp; path = modules/ogl/src/camera.cpp; sourceTree = SOURCE_ROOT; };
		9D501B1B1F39133D00C82974 /* libtinyxml2.a */ = {isa = PBXFileReference; lastKnownFileType = archive.ar; name = libtinyxml2.a; path = 3rdparty/install/lib/libtinyxml2.a; sourceTree = "<group>"; };
		9D62BD781D70C92B000DD363 /* ply.h */ = {isa = PBXFileReference; fileEncoding = 4; lastKnownFileType = sourcecode.c.h; name = ply.h; path = 3rdparty/ply/ply.h; sourceTree = "<group>"; };
		9D62BD791D70C92B000DD363 /* plyfile.c */ = {isa = PBXFileReference; fileEncoding = 4; lastKnownFileType = sourcecode.c.c; name = plyfile.c; path = 3rdparty/ply/plyfile.c; sourceTree = "<group>"; };
		9D62BD7E1D70D074000DD363 /* shader.cpp */ = {isa = PBXFileReference; fileEncoding = 4; lastKnownFileType = sourcecode.cpp.cpp; name = shader.cpp; path = modules/ogl/src/shader.cpp; sourceTree = SOURCE_ROOT; };
		9D62BD811D70E51C000DD363 /* string_util.cpp */ = {isa = PBXFileReference; fileEncoding = 4; lastKnownFileType = sourcecode.cpp.cpp; name = string_util.cpp; path = modules/core/src/string_util.cpp; sourceTree = SOURCE_ROOT; };
		9D6A33D91D4EAB650060261F /* OpenGL.framework */ = {isa = PBXFileReference; lastKnownFileType = wrapper.framework; name = OpenGL.framework; path = System/Library/Frameworks/OpenGL.framework; sourceTree = SDKROOT; };
		9D9AEC3B1F3DA709004423E1 /* callbacks.hpp */ = {isa = PBXFileReference; fileEncoding = 4; lastKnownFileType = sourcecode.cpp.h; name = callbacks.hpp; path = modules/ogl/include/oglkit/ogl/callbacks.hpp; sourceTree = SOURCE_ROOT; };
		9D9AEC3C1F3DA709004423E1 /* camera.hpp */ = {isa = PBXFileReference; fileEncoding = 4; lastKnownFileType = sourcecode.cpp.h; name = camera.hpp; path = modules/ogl/include/oglkit/ogl/camera.hpp; sourceTree = SOURCE_ROOT; };
		9D9AEC3D1F3DA709004423E1 /* key_types.hpp */ = {isa = PBXFileReference; fileEncoding = 4; lastKnownFileType = sourcecode.cpp.h; name = key_types.hpp; path = modules/ogl/include/oglkit/ogl/key_types.hpp; sourceTree = SOURCE_ROOT; };
		9D9AEC3E1F3DA709004423E1 /* model.hpp */ = {isa = PBXFileReference; fileEncoding = 4; lastKnownFileType = sourcecode.cpp.h; name = model.hpp; path = modules/ogl/include/oglkit/ogl/model.hpp; sourceTree = SOURCE_ROOT; };
		9D9AEC3F1F3DA709004423E1 /* ogl_mesh.hpp */ = {isa = PBXFileReference; fileEncoding = 4; lastKnownFileType = sourcecode.cpp.h; name = ogl_mesh.hpp; path = modules/ogl/include/oglkit/ogl/ogl_mesh.hpp; sourceTree = SOURCE_ROOT; };
		9D9AEC401F3DA709004423E1 /* scene.hpp */ = {isa = PBXFileReference; fileEncoding = 4; lastKnownFileType = sourcecode.cpp.h; name = scene.hpp; path = modules/ogl/include/oglkit/ogl/scene.hpp; sourceTree = SOURCE_ROOT; };
		9D9AEC411F3DA709004423E1 /* shader.hpp */ = {isa = PBXFileReference; fileEncoding = 4; lastKnownFileType = sourcecode.cpp.h; name = shader.hpp; path = modules/ogl/include/oglkit/ogl/shader.hpp; sourceTree = SOURCE_ROOT; };
		9D9AEC421F3DA709004423E1 /* tarball.hpp */ = {isa = PBXFileReference; fileEncoding = 4; lastKnownFileType = sourcecode.cpp.h; name = tarball.hpp; path = modules/ogl/include/oglkit/ogl/tarball.hpp; sourceTree = SOURCE_ROOT; };
		9D9AEC431F3DA709004423E1 /* texture_manager.hpp */ = {isa = PBXFileReference; fileEncoding = 4; lastKnownFileType = sourcecode.cpp.h; name = texture_manager.hpp; path = modules/ogl/include/oglkit/ogl/texture_manager.hpp; sourceTree = SOURCE_ROOT; };
		9D9AEC441F3DA709004423E1 /* texture.hpp */ = {isa = PBXFileReference; fileEncoding = 4; lastKnownFileType = sourcecode.cpp.h; name = texture.hpp; path = modules/ogl/include/oglkit/ogl/texture.hpp; sourceTree = SOURCE_ROOT; };
		9D9AEC451F3DA709004423E1 /* transform.hpp */ = {isa = PBXFileReference; fileEncoding = 4; lastKnownFileType = sourcecode.cpp.h; name = transform.hpp; path = modules/ogl/include/oglkit/ogl/transform.hpp; sourceTree = SOURCE_ROOT; };
		9D9AEC511F3DA726004423E1 /* image_factory.hpp */ = {isa = PBXFileReference; fileEncoding = 4; lastKnownFileType = sourcecode.cpp.h; name = image_factory.hpp; path = modules/io/include/oglkit/io/image_factory.hpp; sourceTree = SOURCE_ROOT; };
		9D9AEC521F3DA726004423E1 /* image.hpp */ = {isa = PBXFileReference; fileEncoding = 4; lastKnownFileType = sourcecode.cpp.h; name = image.hpp; path = modules/io/include/oglkit/io/image.hpp; sourceTree = SOURCE_ROOT; };
		9D9AEC531F3DA726004423E1 /* jpeg_image.hpp */ = {isa = PBXFileReference; fileEncoding = 4; lastKnownFileType = sourcecode.cpp.h; name = jpeg_image.hpp; path = modules/io/include/oglkit/io/jpeg_image.hpp; sourceTree = SOURCE_ROOT; };
		9D9AEC541F3DA726004423E1 /* png_image.hpp */ = {isa = PBXFileReference; fileEncoding = 4; lastKnownFileType = sourcecode.cpp.h; name = png_image.hpp; path = modules/io/include/oglkit/io/png_image.hpp; sourceTree = SOURCE_ROOT; };
		9D9AEC551F3DA726004423E1 /* tga_image.hpp */ = {isa = PBXFileReference; fileEncoding = 4; lastKnownFileType = sourcecode.cpp.h; name = tga_image.hpp; path = modules/io/include/oglkit/io/tga_image.hpp; sourceTree = SOURCE_ROOT; };
		9D9AEC5B1F3DA741004423E1 /* aabb.hpp */ = {isa = PBXFileReference; fileEncoding = 4; lastKnownFileType = sourcecode.cpp.h; name = aabb.hpp; path = modules/geometry/include/oglkit/geometry/aabb.hpp; sourceTree = SOURCE_ROOT; };
		9D9AEC5C1F3DA741004423E1 /* mesh.hpp */ = {isa = PBXFileReference; fileEncoding = 4; lastKnownFileType = sourcecode.cpp.h; name = mesh.hpp; path = modules/geometry/include/oglkit/geometry/mesh.hpp; sourceTree = SOURCE_ROOT; };
		9D9AEC5F1F3DA75A004423E1 /* cmd_parser.hpp */ = {isa = PBXFileReference; fileEncoding = 4; lastKnownFileType = sourcecode.cpp.h; name = cmd_parser.hpp; path = modules/core/include/oglkit/core/cmd_parser.hpp; sourceTree = SOURCE_ROOT; };
		9D9AEC601F3DA75A004423E1 /* error.hpp */ = {isa = PBXFileReference; fileEncoding = 4; lastKnownFileType = sourcecode.cpp.h; name = error.hpp; path = modules/core/include/oglkit/core/error.hpp; sourceTree = SOURCE_ROOT; };
		9D9AEC611F3DA75A004423E1 /* library_export.hpp */ = {isa = PBXFileReference; fileEncoding = 4; lastKnownFileType = sourcecode.cpp.h; name = library_export.hpp; path = modules/core/include/oglkit/core/library_export.hpp; sourceTree = SOURCE_ROOT; };
		9D9AEC621F3DA75A004423E1 /* string_util.hpp */ = {isa = PBXFileReference; fileEncoding = 4; lastKnownFileType = sourcecode.cpp.h; name = string_util.hpp; path = modules/core/include/oglkit/core/string_util.hpp; sourceTree = SOURCE_ROOT; };
		9D9AEC671F3DA76B004423E1 /* matrix.hpp */ = {isa = PBXFileReference; fileEncoding = 4; lastKnownFileType = sourcecode.cpp.h; name = matrix.hpp; path = modules/core/include/oglkit/core/math/matrix.hpp; sourceTree = SOURCE_ROOT; };
		9D9AEC681F3DA76B004423E1 /* quaternion.hpp */ = {isa = PBXFileReference; fileEncoding = 4; lastKnownFileType = sourcecode.cpp.h; name = quaternion.hpp; path = modules/core/include/oglkit/core/math/quaternion.hpp; sourceTree = SOURCE_ROOT; };
		9D9AEC691F3DA76B004423E1 /* type_comparator.hpp */ = {isa = PBXFileReference; fileEncoding = 4; lastKnownFileType = sourcecode.cpp.h; name = type_comparator.hpp; path = modules/core/include/oglkit/core/math/type_comparator.hpp; sourceTree = SOURCE_ROOT; };
		9D9AEC6A1F3DA76B004423E1 /* vector.hpp */ = {isa = PBXFileReference; fileEncoding = 4; lastKnownFileType = sourcecode.cpp.h; name = vector.hpp; path = modules/core/include/oglkit/core/math/vector.hpp; sourceTree = SOURCE_ROOT; };
		9D9C40851EF6F13C00ED3EE5 /* libgtest.a */ = {isa = PBXFileReference; lastKnownFileType = archive.ar; name = libgtest.a; path = 3rdparty/install/lib/libgtest.a; sourceTree = "<group>"; };
		9D9C40861EF6F14B00ED3EE5 /* libgmock.a */ = {isa = PBXFileReference; lastKnownFileType = archive.ar; name = libgmock.a; path = 3rdparty/install/lib/libgmock.a; sourceTree = "<group>"; };
		9D9C408B1EF6F1A400ED3EE5 /* test_cmd_parser.cpp */ = {isa = PBXFileReference; fileEncoding = 4; lastKnownFileType = sourcecode.cpp.cpp; name = test_cmd_parser.cpp; path = modules/core/test/test_cmd_parser.cpp; sourceTree = "<group>"; };
		9DA863541F1A4B8A0074D73D /* image.cpp */ = {isa = PBXFileReference; fileEncoding = 4; lastKnownFileType = sourcecode.cpp.cpp; name = image.cpp; path = modules/io/src/image.cpp; sourceTree = SOURCE_ROOT; };
		9DBFE8611D4D073400182698 /* libOGLKit.dylib */ = {isa = PBXFileReference; explicitFileType = "compiled.mach-o.dylib"; includeInIndex = 0; path = libOGLKit.dylib; sourceTree = BUILT_PRODUCTS_DIR; };
		9DC3AEE71E6C5A4E006CD74E /* jpeg_image.cpp */ = {isa = PBXFileReference; fileEncoding = 4; lastKnownFileType = sourcecode.cpp.cpp; name = jpeg_image.cpp; path = modules/io/src/jpeg_image.cpp; sourceTree = SOURCE_ROOT; };
		9DC3AEEA1E6C61EA006CD74E /* libjpeg.a */ = {isa = PBXFileReference; lastKnownFileType = archive.ar; name = libjpeg.a; path = 3rdparty/install/lib/libjpeg.a; sourceTree = "<group>"; };
		9DC3AEEF1E6C6280006CD74E /* image_loader.cpp */ = {isa = PBXFileReference; fileEncoding = 4; lastKnownFileType = sourcecode.cpp.cpp; name = image_loader.cpp; path = modules/io/example/image_loader.cpp; sourceTree = "<group>"; };
		9DC3AEF11E6C62DA006CD74E /* cmd_parser.cpp */ = {isa = PBXFileReference; fileEncoding = 4; lastKnownFileType = sourcecode.cpp.cpp; name = cmd_parser.cpp; path = modules/core/src/cmd_parser.cpp; sourceTree = SOURCE_ROOT; };
		9DC3AEF31E6C8CC8006CD74E /* tga_image.cpp */ = {isa = PBXFileReference; fileEncoding = 4; lastKnownFileType = sourcecode.cpp.cpp; name = tga_image.cpp; path = modules/io/src/tga_image.cpp; sourceTree = SOURCE_ROOT; };
		9DC3AEF71E6CADF0006CD74E /* texture.cpp */ = {isa = PBXFileReference; fileEncoding = 4; lastKnownFileType = sourcecode.cpp.cpp; name = texture.cpp; path = modules/ogl/src/texture.cpp; sourceTree = SOURCE_ROOT; };
		9DD47BE71D4E9F09003110D9 /* Cocoa.framework */ = {isa = PBXFileReference; lastKnownFileType = wrapper.framework; name = Cocoa.framework; path = System/Library/Frameworks/Cocoa.framework; sourceTree = SDKROOT; };
/* End PBXFileReference section */

/* Begin PBXFrameworksBuildPhase section */
		9D21D6E01D634F3700C37B4A /* Frameworks */ = {
			isa = PBXFrameworksBuildPhase;
			buildActionMask = 2147483647;
			files = (
				9D21D6EC1D634FDC00C37B4A /* libOGLKit.dylib in Frameworks */,
				9D9C40871EF6F17100ED3EE5 /* libgmock.a in Frameworks */,
				9D9C40881EF6F17100ED3EE5 /* libgtest.a in Frameworks */,
			);
			runOnlyForDeploymentPostprocessing = 0;
		};
		9DBFE85E1D4D073400182698 /* Frameworks */ = {
			isa = PBXFrameworksBuildPhase;
			buildActionMask = 2147483647;
			files = (
				9D0BD0671EE3086A00F2EB96 /* libassimp.a in Frameworks */,
				9D21C09B1E6D9F09006C0E8E /* libz.tbd in Frameworks */,
				9D21C0971E6D9D56006C0E8E /* libpng16.a in Frameworks */,
				9D6A33DA1D4EAB650060261F /* OpenGL.framework in Frameworks */,
				9D501B1C1F39133D00C82974 /* libtinyxml2.a in Frameworks */,
				9DD47BE81D4E9F09003110D9 /* Cocoa.framework in Frameworks */,
				9DC3AEEB1E6C61EA006CD74E /* libjpeg.a in Frameworks */,
			);
			runOnlyForDeploymentPostprocessing = 0;
		};
/* End PBXFrameworksBuildPhase section */

/* Begin PBXGroup section */
		9D04F1731D51173900E6E828 /* geometry */ = {
			isa = PBXGroup;
			children = (
				9D04F1751D51174B00E6E828 /* include */,
				9D04F1741D51174700E6E828 /* src */,
			);
			name = geometry;
			sourceTree = "<group>";
		};
		9D04F1741D51174700E6E828 /* src */ = {
			isa = PBXGroup;
			children = (
				9D04F1771D51185F00E6E828 /* mesh.cpp */,
			);
			name = src;
			sourceTree = "<group>";
		};
		9D04F1751D51174B00E6E828 /* include */ = {
			isa = PBXGroup;
			children = (
				9D9AEC5B1F3DA741004423E1 /* aabb.hpp */,
				9D9AEC5C1F3DA741004423E1 /* mesh.hpp */,
			);
			name = include;
			sourceTree = "<group>";
		};
		9D1093851E749D4500A57F8F /* assimp */ = {
			isa = PBXGroup;
			children = (
				9D1093861E749D5700A57F8F /* libassimp.a */,
			);
			name = assimp;
			sourceTree = "<group>";
		};
		9D21C0981E6D9D5A006C0E8E /* png */ = {
			isa = PBXGroup;
			children = (
				9D21C0961E6D9D56006C0E8E /* libpng16.a */,
			);
			name = png;
			sourceTree = "<group>";
		};
		9D21C0991E6D9F08006C0E8E /* Frameworks */ = {
			isa = PBXGroup;
			children = (
				9D21C09A1E6D9F09006C0E8E /* libz.tbd */,
			);
			name = Frameworks;
			sourceTree = "<group>";
		};
		9D3362071D4D1C4A009C36CF /* core */ = {
			isa = PBXGroup;
			children = (
				9D3362081D4D1C51009C36CF /* include */,
				9D3362091D4D1C57009C36CF /* src */,
			);
			name = core;
			sourceTree = "<group>";
		};
		9D3362081D4D1C51009C36CF /* include */ = {
			isa = PBXGroup;
			children = (
				9D9AEC5F1F3DA75A004423E1 /* cmd_parser.hpp */,
				9D9AEC601F3DA75A004423E1 /* error.hpp */,
				9D9AEC611F3DA75A004423E1 /* library_export.hpp */,
				9D9AEC621F3DA75A004423E1 /* string_util.hpp */,
				9D33620A1D4D2671009C36CF /* math */,
			);
			name = include;
			sourceTree = "<group>";
		};
		9D3362091D4D1C57009C36CF /* src */ = {
			isa = PBXGroup;
			children = (
				9D04F1711D51162800E6E828 /* error.cpp */,
				9D62BD811D70E51C000DD363 /* string_util.cpp */,
				9DC3AEF11E6C62DA006CD74E /* cmd_parser.cpp */,
			);
			name = src;
			sourceTree = "<group>";
		};
		9D33620A1D4D2671009C36CF /* math */ = {
			isa = PBXGroup;
			children = (
				9D9AEC671F3DA76B004423E1 /* matrix.hpp */,
				9D9AEC681F3DA76B004423E1 /* quaternion.hpp */,
				9D9AEC691F3DA76B004423E1 /* type_comparator.hpp */,
				9D9AEC6A1F3DA76B004423E1 /* vector.hpp */,
			);
			name = math;
			sourceTree = "<group>";
		};
		9D501B1D1F39134800C82974 /* xml */ = {
			isa = PBXGroup;
			children = (
				9D501B1B1F39133D00C82974 /* libtinyxml2.a */,
			);
			name = xml;
			sourceTree = "<group>";
		};
		9D62BD7C1D70C92F000DD363 /* ply */ = {
			isa = PBXGroup;
			children = (
				9D62BD781D70C92B000DD363 /* ply.h */,
				9D62BD791D70C92B000DD363 /* plyfile.c */,
			);
			name = ply;
			sourceTree = "<group>";
		};
		9D9C40841EF6F12500ED3EE5 /* google */ = {
			isa = PBXGroup;
			children = (
				9D9C40861EF6F14B00ED3EE5 /* libgmock.a */,
				9D9C40851EF6F13C00ED3EE5 /* libgtest.a */,
			);
			name = google;
			sourceTree = "<group>";
		};
		9D9C40891EF6F17F00ED3EE5 /* test */ = {
			isa = PBXGroup;
			children = (
				9D9C408A1EF6F18900ED3EE5 /* core */,
			);
			name = test;
			sourceTree = "<group>";
		};
		9D9C408A1EF6F18900ED3EE5 /* core */ = {
			isa = PBXGroup;
			children = (
				9D9C408B1EF6F1A400ED3EE5 /* test_cmd_parser.cpp */,
			);
			name = core;
			sourceTree = "<group>";
		};
		9DBFE8581D4D073400182698 = {
			isa = PBXGroup;
			children = (
				9DD47BE91D4E9F25003110D9 /* Dependencies */,
				9DBFE8631D4D073400182698 /* modules */,
				9DC3AEED1E6C622E006CD74E /* example */,
				9D9C40891EF6F17F00ED3EE5 /* test */,
				9DBFE8621D4D073400182698 /* Products */,
				9D21C0991E6D9F08006C0E8E /* Frameworks */,
			);
			sourceTree = "<group>";
		};
		9DBFE8621D4D073400182698 /* Products */ = {
			isa = PBXGroup;
			children = (
				9DBFE8611D4D073400182698 /* libOGLKit.dylib */,
				9D21D6E31D634F3700C37B4A /* OGLKitTest */,
			);
			name = Products;
			sourceTree = "<group>";
		};
		9DBFE8631D4D073400182698 /* modules */ = {
			isa = PBXGroup;
			children = (
				9D3362071D4D1C4A009C36CF /* core */,
				9D04F1731D51173900E6E828 /* geometry */,
				9DC3AEE21E6C57CA006CD74E /* io */,
				9DBFE86F1D4D07A300182698 /* ogl */,
			);
			name = modules;
			path = CHLib;
			sourceTree = "<group>";
		};
		9DBFE86F1D4D07A300182698 /* ogl */ = {
			isa = PBXGroup;
			children = (
				9DBFE8711D4D07B000182698 /* include */,
				9DBFE8701D4D07A800182698 /* src */,
			);
			name = ogl;
			sourceTree = "<group>";
		};
		9DBFE8701D4D07A800182698 /* src */ = {
			isa = PBXGroup;
			children = (
				9D3362021D4D0B3F009C36CF /* camera.cpp */,
				9D1093821E745BBB00A57F8F /* model.cpp */,
				9D21D6DD1D634CA400C37B4A /* ogl_mesh.cpp */,
				9D253D651F38F7ED0071B960 /* scene.cpp */,
				9D62BD7E1D70D074000DD363 /* shader.cpp */,
				9D229CFA1E742F08005C40C1 /* texture_manager.cpp */,
				9DC3AEF71E6CADF0006CD74E /* texture.cpp */,
				9D198DBB1F39076B00EBF366 /* transform.cpp */,
			);
			name = src;
			sourceTree = "<group>";
		};
		9DBFE8711D4D07B000182698 /* include */ = {
			isa = PBXGroup;
			children = (
				9D9AEC3B1F3DA709004423E1 /* callbacks.hpp */,
				9D9AEC3C1F3DA709004423E1 /* camera.hpp */,
				9D9AEC3D1F3DA709004423E1 /* key_types.hpp */,
				9D9AEC3E1F3DA709004423E1 /* model.hpp */,
				9D9AEC3F1F3DA709004423E1 /* ogl_mesh.hpp */,
				9D9AEC401F3DA709004423E1 /* scene.hpp */,
				9D9AEC411F3DA709004423E1 /* shader.hpp */,
				9D9AEC421F3DA709004423E1 /* tarball.hpp */,
				9D9AEC431F3DA709004423E1 /* texture_manager.hpp */,
				9D9AEC441F3DA709004423E1 /* texture.hpp */,
				9D9AEC451F3DA709004423E1 /* transform.hpp */,
			);
			name = include;
			sourceTree = "<group>";
		};
		9DC3AEE21E6C57CA006CD74E /* io */ = {
			isa = PBXGroup;
			children = (
				9DC3AEE51E6C57FF006CD74E /* include */,
				9DC3AEE31E6C57D4006CD74E /* src */,
			);
			name = io;
			sourceTree = "<group>";
		};
		9DC3AEE31E6C57D4006CD74E /* src */ = {
			isa = PBXGroup;
			children = (
				9D229CFD1E743736005C40C1 /* image_factory.cpp */,
				9DA863541F1A4B8A0074D73D /* image.cpp */,
				9DC3AEE71E6C5A4E006CD74E /* jpeg_image.cpp */,
				9D21C0941E6D94B2006C0E8E /* png_image.cpp */,
				9DC3AEF31E6C8CC8006CD74E /* tga_image.cpp */,
			);
			name = src;
			sourceTree = "<group>";
		};
		9DC3AEE51E6C57FF006CD74E /* include */ = {
			isa = PBXGroup;
			children = (
				9D9AEC511F3DA726004423E1 /* image_factory.hpp */,
				9D9AEC521F3DA726004423E1 /* image.hpp */,
				9D9AEC531F3DA726004423E1 /* jpeg_image.hpp */,
				9D9AEC541F3DA726004423E1 /* png_image.hpp */,
				9D9AEC551F3DA726004423E1 /* tga_image.hpp */,
			);
			name = include;
			sourceTree = "<group>";
		};
		9DC3AEEC1E6C61EE006CD74E /* jpeg */ = {
			isa = PBXGroup;
			children = (
				9DC3AEEA1E6C61EA006CD74E /* libjpeg.a */,
			);
			name = jpeg;
			sourceTree = "<group>";
		};
		9DC3AEED1E6C622E006CD74E /* example */ = {
			isa = PBXGroup;
			children = (
				9DC3AEEE1E6C6238006CD74E /* io */,
			);
			name = example;
			sourceTree = "<group>";
		};
		9DC3AEEE1E6C6238006CD74E /* io */ = {
			isa = PBXGroup;
			children = (
				9DC3AEEF1E6C6280006CD74E /* image_loader.cpp */,
			);
			name = io;
			sourceTree = "<group>";
		};
		9DD47BE91D4E9F25003110D9 /* Dependencies */ = {
			isa = PBXGroup;
			children = (
				9D9C40841EF6F12500ED3EE5 /* google */,
				9D1093851E749D4500A57F8F /* assimp */,
				9D21C0981E6D9D5A006C0E8E /* png */,
				9DC3AEEC1E6C61EE006CD74E /* jpeg */,
				9D62BD7C1D70C92F000DD363 /* ply */,
				9D501B1D1F39134800C82974 /* xml */,
				9DD47BE71D4E9F09003110D9 /* Cocoa.framework */,
				9D6A33D91D4EAB650060261F /* OpenGL.framework */,
			);
			name = Dependencies;
			sourceTree = "<group>";
		};
/* End PBXGroup section */

/* Begin PBXHeadersBuildPhase section */
		9DBFE85F1D4D073400182698 /* Headers */ = {
			isa = PBXHeadersBuildPhase;
			buildActionMask = 2147483647;
			files = (
				9D9AEC631F3DA75A004423E1 /* cmd_parser.hpp in Headers */,
				9D9AEC4A1F3DA709004423E1 /* ogl_mesh.hpp in Headers */,
				9D9AEC4B1F3DA709004423E1 /* scene.hpp in Headers */,
				9D9AEC6C1F3DA76C004423E1 /* quaternion.hpp in Headers */,
				9D9AEC6D1F3DA76C004423E1 /* type_comparator.hpp in Headers */,
				9D9AEC571F3DA726004423E1 /* image.hpp in Headers */,
				9D9AEC6E1F3DA76C004423E1 /* vector.hpp in Headers */,
				9D9AEC5E1F3DA741004423E1 /* mesh.hpp in Headers */,
				9D9AEC4D1F3DA709004423E1 /* tarball.hpp in Headers */,
				9D9AEC561F3DA726004423E1 /* image_factory.hpp in Headers */,
				9D9AEC591F3DA726004423E1 /* png_image.hpp in Headers */,
				9D62BD7A1D70C92B000DD363 /* ply.h in Headers */,
				9D9AEC4E1F3DA709004423E1 /* texture_manager.hpp in Headers */,
				9D9AEC501F3DA709004423E1 /* transform.hpp in Headers */,
				9D9AEC481F3DA709004423E1 /* key_types.hpp in Headers */,
				9D9AEC4C1F3DA709004423E1 /* shader.hpp in Headers */,
				9D9AEC5A1F3DA726004423E1 /* tga_image.hpp in Headers */,
				9D9AEC461F3DA709004423E1 /* callbacks.hpp in Headers */,
				9D9AEC581F3DA726004423E1 /* jpeg_image.hpp in Headers */,
				9D9AEC471F3DA709004423E1 /* camera.hpp in Headers */,
				9D9AEC641F3DA75A004423E1 /* error.hpp in Headers */,
				9D9AEC651F3DA75A004423E1 /* library_export.hpp in Headers */,
				9D9AEC5D1F3DA741004423E1 /* aabb.hpp in Headers */,
				9D9AEC661F3DA75A004423E1 /* string_util.hpp in Headers */,
				9D9AEC6B1F3DA76C004423E1 /* matrix.hpp in Headers */,
				9D9AEC491F3DA709004423E1 /* model.hpp in Headers */,
				9D9AEC4F1F3DA709004423E1 /* texture.hpp in Headers */,
			);
			runOnlyForDeploymentPostprocessing = 0;
		};
/* End PBXHeadersBuildPhase section */

/* Begin PBXNativeTarget section */
		9D21D6E21D634F3700C37B4A /* OGLKitTest */ = {
			isa = PBXNativeTarget;
			buildConfigurationList = 9D21D6E71D634F3700C37B4A /* Build configuration list for PBXNativeTarget "OGLKitTest" */;
			buildPhases = (
				9D21D6DF1D634F3700C37B4A /* Sources */,
				9D21D6E01D634F3700C37B4A /* Frameworks */,
				9D21D6E11D634F3700C37B4A /* CopyFiles */,
			);
			buildRules = (
			);
			dependencies = (
				9D21D6EB1D634FD600C37B4A /* PBXTargetDependency */,
			);
			name = OGLKitTest;
			productName = CHLibTest;
			productReference = 9D21D6E31D634F3700C37B4A /* OGLKitTest */;
			productType = "com.apple.product-type.tool";
		};
		9DBFE8601D4D073400182698 /* OGLKit */ = {
			isa = PBXNativeTarget;
			buildConfigurationList = 9DBFE86C1D4D073400182698 /* Build configuration list for PBXNativeTarget "OGLKit" */;
			buildPhases = (
				9DBFE85D1D4D073400182698 /* Sources */,
				9DBFE85E1D4D073400182698 /* Frameworks */,
				9DBFE85F1D4D073400182698 /* Headers */,
			);
			buildRules = (
			);
			dependencies = (
			);
			name = OGLKit;
			productName = CHLib;
			productReference = 9DBFE8611D4D073400182698 /* libOGLKit.dylib */;
			productType = "com.apple.product-type.library.dynamic";
		};
/* End PBXNativeTarget section */

/* Begin PBXProject section */
		9DBFE8591D4D073400182698 /* Project object */ = {
			isa = PBXProject;
			attributes = {
				LastUpgradeCheck = 0800;
				ORGANIZATIONNAME = "Christophe Ecabert";
				TargetAttributes = {
					9D21D6E21D634F3700C37B4A = {
						CreatedOnToolsVersion = 7.3.1;
					};
					9DBFE8601D4D073400182698 = {
						CreatedOnToolsVersion = 7.2.1;
					};
				};
			};
			buildConfigurationList = 9DBFE85C1D4D073400182698 /* Build configuration list for PBXProject "OGLKit" */;
			compatibilityVersion = "Xcode 3.2";
			developmentRegion = English;
			hasScannedForEncodings = 0;
			knownRegions = (
				en,
			);
			mainGroup = 9DBFE8581D4D073400182698;
			productRefGroup = 9DBFE8621D4D073400182698 /* Products */;
			projectDirPath = "";
			projectRoot = "";
			targets = (
				9DBFE8601D4D073400182698 /* OGLKit */,
				9D21D6E21D634F3700C37B4A /* OGLKitTest */,
			);
		};
/* End PBXProject section */

/* Begin PBXSourcesBuildPhase section */
		9D21D6DF1D634F3700C37B4A /* Sources */ = {
			isa = PBXSourcesBuildPhase;
			buildActionMask = 2147483647;
			files = (
				9D3AE0FA1F3C8357000C34D0 /* image_loader.cpp in Sources */,
			);
			runOnlyForDeploymentPostprocessing = 0;
		};
		9DBFE85D1D4D073400182698 /* Sources */ = {
			isa = PBXSourcesBuildPhase;
			buildActionMask = 2147483647;
			files = (
				9D253D661F38F7ED0071B960 /* scene.cpp in Sources */,
				9D3362031D4D0B3F009C36CF /* camera.cpp in Sources */,
				9D198DBC1F39076B00EBF366 /* transform.cpp in Sources */,
				9D04F1781D51185F00E6E828 /* mesh.cpp in Sources */,
				9D229CFE1E743736005C40C1 /* image_factory.cpp in Sources */,
				9D62BD7F1D70D074000DD363 /* shader.cpp in Sources */,
				9D21D6DE1D634CA400C37B4A /* ogl_mesh.cpp in Sources */,
				9D1093831E745BBB00A57F8F /* model.cpp in Sources */,
				9D62BD821D70E51C000DD363 /* string_util.cpp in Sources */,
				9D04F1721D51162800E6E828 /* error.cpp in Sources */,
				9DC3AEF41E6C8CC8006CD74E /* tga_image.cpp in Sources */,
				9D62BD7B1D70C92B000DD363 /* plyfile.c in Sources */,
				9D229CFB1E742F08005C40C1 /* texture_manager.cpp in Sources */,
				9DC3AEF21E6C62DA006CD74E /* cmd_parser.cpp in Sources */,
				9D21C0951E6D94B2006C0E8E /* png_image.cpp in Sources */,
				9DA863551F1A4B8A0074D73D /* image.cpp in Sources */,
				9DC3AEE81E6C5A4E006CD74E /* jpeg_image.cpp in Sources */,
				9DC3AEF81E6CADF0006CD74E /* texture.cpp in Sources */,
			);
			runOnlyForDeploymentPostprocessing = 0;
		};
/* End PBXSourcesBuildPhase section */

/* Begin PBXTargetDependency section */
		9D21D6EB1D634FD600C37B4A /* PBXTargetDependency */ = {
			isa = PBXTargetDependency;
			target = 9DBFE8601D4D073400182698 /* OGLKit */;
			targetProxy = 9D21D6EA1D634FD600C37B4A /* PBXContainerItemProxy */;
		};
/* End PBXTargetDependency section */

/* Begin XCBuildConfiguration section */
		9D21D6E81D634F3700C37B4A /* Debug */ = {
			isa = XCBuildConfiguration;
			buildSettings = {
				ALWAYS_SEARCH_USER_PATHS = NO;
				CLANG_ANALYZER_NONNULL = YES;
				LIBRARY_SEARCH_PATHS = (
					"$(inherited)",
					"$(PROJECT_DIR)/3rdparty/install/lib",
				);
				MACOSX_DEPLOYMENT_TARGET = 10.12;
				PRODUCT_NAME = "$(TARGET_NAME)";
			};
			name = Debug;
		};
		9D21D6E91D634F3700C37B4A /* Release */ = {
			isa = XCBuildConfiguration;
			buildSettings = {
				ALWAYS_SEARCH_USER_PATHS = NO;
				CLANG_ANALYZER_NONNULL = YES;
				LIBRARY_SEARCH_PATHS = (
					"$(inherited)",
					"$(PROJECT_DIR)/3rdparty/install/lib",
				);
				MACOSX_DEPLOYMENT_TARGET = 10.12;
				PRODUCT_NAME = "$(TARGET_NAME)";
			};
			name = Release;
		};
		9DBFE86A1D4D073400182698 /* Debug */ = {
			isa = XCBuildConfiguration;
			buildSettings = {
				ALWAYS_SEARCH_USER_PATHS = YES;
				CLANG_CXX_LANGUAGE_STANDARD = "gnu++0x";
				CLANG_CXX_LIBRARY = "libc++";
				CLANG_ENABLE_MODULES = YES;
				CLANG_ENABLE_OBJC_ARC = YES;
				CLANG_WARN_BOOL_CONVERSION = YES;
				CLANG_WARN_CONSTANT_CONVERSION = YES;
				CLANG_WARN_DIRECT_OBJC_ISA_USAGE = YES_ERROR;
				CLANG_WARN_EMPTY_BODY = YES;
				CLANG_WARN_ENUM_CONVERSION = YES;
				CLANG_WARN_INFINITE_RECURSION = YES;
				CLANG_WARN_INT_CONVERSION = YES;
				CLANG_WARN_OBJC_ROOT_CLASS = YES_ERROR;
				CLANG_WARN_SUSPICIOUS_MOVE = YES;
				CLANG_WARN_UNREACHABLE_CODE = YES;
				CLANG_WARN__DUPLICATE_METHOD_MATCH = YES;
				CODE_SIGN_IDENTITY = "-";
				COPY_PHASE_STRIP = NO;
				DEBUG_INFORMATION_FORMAT = dwarf;
				ENABLE_STRICT_OBJC_MSGSEND = YES;
				ENABLE_TESTABILITY = YES;
				GCC_C_LANGUAGE_STANDARD = gnu99;
				GCC_DYNAMIC_NO_PIC = NO;
				GCC_NO_COMMON_BLOCKS = YES;
				GCC_OPTIMIZATION_LEVEL = 0;
				GCC_PREPROCESSOR_DEFINITIONS = (
					"DEBUG=1",
					"$(inherited)",
				);
				GCC_WARN_64_TO_32_BIT_CONVERSION = YES;
				GCC_WARN_ABOUT_RETURN_TYPE = YES_ERROR;
				GCC_WARN_UNDECLARED_SELECTOR = YES;
				GCC_WARN_UNINITIALIZED_AUTOS = YES_AGGRESSIVE;
				GCC_WARN_UNUSED_FUNCTION = YES;
				GCC_WARN_UNUSED_VARIABLE = YES;
				MACOSX_DEPLOYMENT_TARGET = 10.10;
				MTL_ENABLE_DEBUG_INFO = YES;
				ONLY_ACTIVE_ARCH = YES;
				SDKROOT = macosx;
				USER_HEADER_SEARCH_PATHS = "$(PROJECT_DIR)/modules/core/include $(PROJECT_DIR)/modules/io/include $(PROJECT_DIR)/modules/geometry/include $(PROJECT_DIR)/modules/ogl/include $(PROJECT_DIR)/3rdparty $(PROJECT_DIR)/3rdparty/install/include";
			};
			name = Debug;
		};
		9DBFE86B1D4D073400182698 /* Release */ = {
			isa = XCBuildConfiguration;
			buildSettings = {
				ALWAYS_SEARCH_USER_PATHS = YES;
				CLANG_CXX_LANGUAGE_STANDARD = "gnu++0x";
				CLANG_CXX_LIBRARY = "libc++";
				CLANG_ENABLE_MODULES = YES;
				CLANG_ENABLE_OBJC_ARC = YES;
				CLANG_WARN_BOOL_CONVERSION = YES;
				CLANG_WARN_CONSTANT_CONVERSION = YES;
				CLANG_WARN_DIRECT_OBJC_ISA_USAGE = YES_ERROR;
				CLANG_WARN_EMPTY_BODY = YES;
				CLANG_WARN_ENUM_CONVERSION = YES;
				CLANG_WARN_INFINITE_RECURSION = YES;
				CLANG_WARN_INT_CONVERSION = YES;
				CLANG_WARN_OBJC_ROOT_CLASS = YES_ERROR;
				CLANG_WARN_SUSPICIOUS_MOVE = YES;
				CLANG_WARN_UNREACHABLE_CODE = YES;
				CLANG_WARN__DUPLICATE_METHOD_MATCH = YES;
				CODE_SIGN_IDENTITY = "-";
				COPY_PHASE_STRIP = NO;
				DEBUG_INFORMATION_FORMAT = "dwarf-with-dsym";
				ENABLE_NS_ASSERTIONS = NO;
				ENABLE_STRICT_OBJC_MSGSEND = YES;
				GCC_C_LANGUAGE_STANDARD = gnu99;
				GCC_NO_COMMON_BLOCKS = YES;
				GCC_WARN_64_TO_32_BIT_CONVERSION = YES;
				GCC_WARN_ABOUT_RETURN_TYPE = YES_ERROR;
				GCC_WARN_UNDECLARED_SELECTOR = YES;
				GCC_WARN_UNINITIALIZED_AUTOS = YES_AGGRESSIVE;
				GCC_WARN_UNUSED_FUNCTION = YES;
				GCC_WARN_UNUSED_VARIABLE = YES;
				MACOSX_DEPLOYMENT_TARGET = 10.10;
				MTL_ENABLE_DEBUG_INFO = NO;
				SDKROOT = macosx;
				USER_HEADER_SEARCH_PATHS = "$(PROJECT_DIR)/modules/core/include $(PROJECT_DIR)/modules/io/include $(PROJECT_DIR)/modules/geometry/include $(PROJECT_DIR)/modules/ogl/include $(PROJECT_DIR)/3rdparty $(PROJECT_DIR)/3rdparty/install/include";
			};
			name = Release;
		};
		9DBFE86D1D4D073400182698 /* Debug */ = {
			isa = XCBuildConfiguration;
			buildSettings = {
				COMBINE_HIDPI_IMAGES = YES;
				DYLIB_COMPATIBILITY_VERSION = 1;
				DYLIB_CURRENT_VERSION = 1;
				EXECUTABLE_PREFIX = lib;
				GCC_ENABLE_CPP_EXCEPTIONS = YES;
				GCC_ENABLE_CPP_RTTI = YES;
				GCC_SYMBOLS_PRIVATE_EXTERN = NO;
				HEADER_SEARCH_PATHS = "$(inherited)";
				LIBRARY_SEARCH_PATHS = (
					"$(inherited)",
					"$(PROJECT_DIR)/3rdparty/install/lib",
				);
				MACOSX_DEPLOYMENT_TARGET = 10.12;
				PRODUCT_NAME = "$(TARGET_NAME)";
			};
			name = Debug;
		};
		9DBFE86E1D4D073400182698 /* Release */ = {
			isa = XCBuildConfiguration;
			buildSettings = {
				COMBINE_HIDPI_IMAGES = YES;
				DYLIB_COMPATIBILITY_VERSION = 1;
				DYLIB_CURRENT_VERSION = 1;
				EXECUTABLE_PREFIX = lib;
				GCC_ENABLE_CPP_EXCEPTIONS = YES;
				GCC_ENABLE_CPP_RTTI = YES;
				GCC_SYMBOLS_PRIVATE_EXTERN = NO;
				HEADER_SEARCH_PATHS = "$(inherited)";
				LIBRARY_SEARCH_PATHS = (
					"$(inherited)",
					"$(PROJECT_DIR)/3rdparty/install/lib",
				);
				MACOSX_DEPLOYMENT_TARGET = 10.12;
				PRODUCT_NAME = "$(TARGET_NAME)";
			};
			name = Release;
		};
/* End XCBuildConfiguration section */

/* Begin XCConfigurationList section */
		9D21D6E71D634F3700C37B4A /* Build configuration list for PBXNativeTarget "OGLKitTest" */ = {
			isa = XCConfigurationList;
			buildConfigurations = (
				9D21D6E81D634F3700C37B4A /* Debug */,
				9D21D6E91D634F3700C37B4A /* Release */,
			);
			defaultConfigurationIsVisible = 0;
			defaultConfigurationName = Release;
		};
		9DBFE85C1D4D073400182698 /* Build configuration list for PBXProject "OGLKit" */ = {
			isa = XCConfigurationList;
			buildConfigurations = (
				9DBFE86A1D4D073400182698 /* Debug */,
				9DBFE86B1D4D073400182698 /* Release */,
			);
			defaultConfigurationIsVisible = 0;
			defaultConfigurationName = Release;
		};
		9DBFE86C1D4D073400182698 /* Build configuration list for PBXNativeTarget "OGLKit" */ = {
			isa = XCConfigurationList;
			buildConfigurations = (
				9DBFE86D1D4D073400182698 /* Debug */,
				9DBFE86E1D4D073400182698 /* Release */,
			);
			defaultConfigurationIsVisible = 0;
			defaultConfigurationName = Release;
		};
/* End XCConfigurationList section */
	};
	rootObject = 9DBFE8591D4D073400182698 /* Project object */;
}
